{
  "nodes": {
    "crane": {
      "locked": {
        "lastModified": 1762538466,
        "narHash": "sha256-8zrIPl6J+wLm9MH5ksHcW7BUHo7jSNOu0/hA0ohOOaM=",
        "owner": "ipetkov",
        "repo": "crane",
        "rev": "0cea393fffb39575c46b7a0318386467272182fe",
        "type": "github"
      },
      "original": {
        "owner": "ipetkov",
        "repo": "crane",
        "type": "github"
      }
    },
    "crane_2": {
      "locked": {
        "lastModified": 1750266157,
        "narHash": "sha256-tL42YoNg9y30u7zAqtoGDNdTyXTi8EALDeCB13FtbQA=",
        "owner": "ipetkov",
        "repo": "crane",
        "rev": "e37c943371b73ed87faf33f7583860f81f1d5a48",
        "type": "github"
      },
      "original": {
        "owner": "ipetkov",
        "repo": "crane",
        "type": "github"
      }
    },
    "crane_3": {
      "locked": {
        "lastModified": 1759893430,
        "narHash": "sha256-yAy4otLYm9iZ+NtQwTMEbqHwswSFUbhn7x826RR6djw=",
        "owner": "ipetkov",
        "repo": "crane",
        "rev": "1979a2524cb8c801520bd94c38bb3d5692419d93",
        "type": "github"
      },
      "original": {
        "owner": "ipetkov",
        "repo": "crane",
        "type": "github"
      }
    },
    "flake-parts": {
      "inputs": {
        "nixpkgs-lib": "nixpkgs-lib"
      },
      "locked": {
        "lastModified": 1762810396,
        "narHash": "sha256-dxFVgQPG+R72dkhXTtqUm7KpxElw3u6E+YlQ2WaDgt8=",
        "owner": "hercules-ci",
        "repo": "flake-parts",
        "rev": "0bdadb1b265fb4143a75bd1ec7d8c915898a9923",
        "type": "github"
      },
      "original": {
        "owner": "hercules-ci",
        "repo": "flake-parts",
        "type": "github"
      }
    },
    "flake-parts_2": {
      "inputs": {
        "nixpkgs-lib": "nixpkgs-lib_2"
      },
      "locked": {
        "lastModified": 1749398372,
        "narHash": "sha256-tYBdgS56eXYaWVW3fsnPQ/nFlgWi/Z2Ymhyu21zVM98=",
        "owner": "hercules-ci",
        "repo": "flake-parts",
        "rev": "9305fe4e5c2a6fcf5ba6a3ff155720fbe4076569",
        "type": "github"
      },
      "original": {
        "owner": "hercules-ci",
        "repo": "flake-parts",
        "type": "github"
      }
    },
    "flake-parts_3": {
      "inputs": {
        "nixpkgs-lib": "nixpkgs-lib_3"
      },
      "locked": {
        "lastModified": 1759362264,
        "narHash": "sha256-wfG0S7pltlYyZTM+qqlhJ7GMw2fTF4mLKCIVhLii/4M=",
        "owner": "hercules-ci",
        "repo": "flake-parts",
        "rev": "758cf7296bee11f1706a574c77d072b8a7baa881",
        "type": "github"
      },
      "original": {
        "owner": "hercules-ci",
        "repo": "flake-parts",
        "type": "github"
      }
    },
    "hc-launch": {
      "flake": false,
      "locked": {
        "lastModified": 1762454524,
        "narHash": "sha256-sIeKq64AtMlN60UWVst3g6FsMXZFhUBbbCyWzPD68es=",
        "owner": "holochain",
        "repo": "hc-launch",
        "rev": "a7fcb9447cd37dcb5978b3327eaee077871822c1",
        "type": "github"
      },
      "original": {
        "owner": "holochain",
        "ref": "holochain-weekly",
        "repo": "hc-launch",
        "type": "github"
      }
    },
    "hc-launch_2": {
      "flake": false,
      "locked": {
        "lastModified": 1751046670,
        "narHash": "sha256-HHbFIY14lVcEpCc6sWiXu98VHcuCoAU+WTKJLFqvte8=",
        "owner": "holochain",
        "repo": "hc-launch",
        "rev": "ae0167461edd54913887e554e81e86a5c8de828b",
        "type": "github"
      },
      "original": {
        "owner": "holochain",
        "ref": "holochain-0.5",
        "repo": "hc-launch",
        "type": "github"
      }
    },
    "hc-launch_3": {
      "flake": false,
      "locked": {
        "lastModified": 1752056054,
        "narHash": "sha256-iLHhGQXrSfgAibzLSx+mdOQnnTzq4mrRXto7+a+MDLM=",
        "owner": "holochain",
        "repo": "hc-launch",
        "rev": "612aa244ceb4d2136e5adbf181ff0cc123daff65",
        "type": "github"
      },
      "original": {
        "owner": "holochain",
        "ref": "holochain-weekly",
        "repo": "hc-launch",
        "type": "github"
      }
    },
    "hc-scaffold": {
      "flake": false,
      "locked": {
        "lastModified": 1760566803,
        "narHash": "sha256-fWflEEb2JQyVHfGglbx6dCR6X+4ECGM9pbxQYrKSZtQ=",
        "owner": "holochain",
        "repo": "scaffolding",
        "rev": "751a16e98ddb35db5763cbf4b882a849b642e7e7",
        "type": "github"
      },
      "original": {
        "owner": "holochain",
        "ref": "0.600.0-dev.0",
        "repo": "scaffolding",
        "type": "github"
      }
    },
    "hc-scaffold_2": {
      "flake": false,
      "locked": {
        "lastModified": 1751016233,
        "narHash": "sha256-MfHygBYMH2oFbdj+D8izQK6+J0zjqUJbr1w4ixvP4iw=",
        "owner": "holochain",
        "repo": "scaffolding",
        "rev": "85b33854ea7c4c32d714161e0a2a2267157f28b2",
        "type": "github"
      },
      "original": {
        "owner": "holochain",
        "ref": "v0.500.1",
        "repo": "scaffolding",
        "type": "github"
      }
    },
    "hc-scaffold_3": {
      "flake": false,
      "locked": {
        "lastModified": 1760566803,
        "narHash": "sha256-fWflEEb2JQyVHfGglbx6dCR6X+4ECGM9pbxQYrKSZtQ=",
        "owner": "holochain",
        "repo": "scaffolding",
        "rev": "751a16e98ddb35db5763cbf4b882a849b642e7e7",
        "type": "github"
      },
      "original": {
        "owner": "holochain",
        "ref": "0.600.0-dev.0",
        "repo": "scaffolding",
        "type": "github"
      }
    },
    "holochain": {
      "flake": false,
      "locked": {
        "lastModified": 1762823444,
        "narHash": "sha256-MZVvafx1zkfLhuOW9oi/cfOkN+SPGtnIDN8x5Rqif8U=",
        "owner": "holochain",
        "repo": "holochain",
        "rev": "d2c93682c64c380ea66b90ac6fe87d6fbd8d7eee",
        "type": "github"
      },
      "original": {
        "owner": "holochain",
        "ref": "holochain-0.6.0-rc.1",
        "repo": "holochain",
        "type": "github"
      }
    },
    "holochain-nix-builders": {
      "inputs": {
        "crane": [
          "playground",
          "scaffolding",
          "holochain-nix-builders",
          "holonix",
          "crane"
        ],
        "holonix": [
          "playground",
          "scaffolding",
          "holonix"
        ],
        "nixpkgs": [
          "playground",
          "scaffolding",
          "holochain-nix-builders",
          "holonix",
          "nixpkgs"
        ],
        "rust-overlay": [
          "playground",
          "scaffolding",
          "holochain-nix-builders",
          "holonix",
          "rust-overlay"
        ]
      },
      "locked": {
        "lastModified": 1752590070,
        "narHash": "sha256-T/xge1i2FL0tnKNCATivs3JF/nchQ0pL2STqSYxseq0=",
        "owner": "darksoil-studio",
        "repo": "holochain-nix-builders",
        "rev": "1c8ee29ee1a4e14536714bcdbe1d314de0d9026e",
        "type": "github"
      },
      "original": {
        "owner": "darksoil-studio",
        "ref": "main-0.5",
        "repo": "holochain-nix-builders",
        "type": "github"
      }
    },
    "holochain-nix-builders_2": {
      "inputs": {
        "crane": [
          "playground",
          "tauri-plugin-holochain",
          "holochain-nix-builders",
          "holonix",
          "crane"
        ],
        "holonix": [
          "playground",
          "tauri-plugin-holochain",
          "holonix"
        ],
        "nixpkgs": [
          "playground",
          "tauri-plugin-holochain",
          "holochain-nix-builders",
          "holonix",
          "nixpkgs"
        ],
        "rust-overlay": [
          "playground",
          "tauri-plugin-holochain",
          "holochain-nix-builders",
          "holonix",
          "rust-overlay"
        ]
      },
      "locked": {
        "lastModified": 1752590070,
        "narHash": "sha256-T/xge1i2FL0tnKNCATivs3JF/nchQ0pL2STqSYxseq0=",
        "owner": "darksoil-studio",
        "repo": "holochain-nix-builders",
        "rev": "1c8ee29ee1a4e14536714bcdbe1d314de0d9026e",
        "type": "github"
      },
      "original": {
        "owner": "darksoil-studio",
        "ref": "main-0.5",
        "repo": "holochain-nix-builders",
        "type": "github"
      }
    },
    "holochain-nix-builders_3": {
      "inputs": {
        "crane": [
          "tauri-plugin-holochain",
          "holochain-nix-builders",
          "holonix",
          "crane"
        ],
        "holonix": [
          "tauri-plugin-holochain",
          "holonix"
        ],
        "nixpkgs": [
          "tauri-plugin-holochain",
          "holochain-nix-builders",
          "holonix",
          "nixpkgs"
        ],
        "rust-overlay": [
          "tauri-plugin-holochain",
          "holochain-nix-builders",
          "holonix",
          "rust-overlay"
        ]
      },
      "locked": {
        "lastModified": 1760350316,
        "narHash": "sha256-A9pzCPMXbm8a/Qfr1zOUUH85ST2DH3L3Ew+y77XbOqE=",
        "owner": "darksoil-studio",
        "repo": "holochain-nix-builders",
        "rev": "f2896026c5d22020f818af0a4c10dc387166ac7f",
        "type": "github"
      },
      "original": {
        "owner": "darksoil-studio",
        "ref": "main-0.6",
        "repo": "holochain-nix-builders",
        "type": "github"
      }
    },
    "holochain_2": {
      "flake": false,
      "locked": {
        "lastModified": 1752078164,
        "narHash": "sha256-Jl7l3z3LJ9nB/2yPwTUM5s5eYc1G+40lZ3rK2lpm5O4=",
        "owner": "holochain",
        "repo": "holochain",
        "rev": "ba3bcf4d0da1b3683f1f715fafa6b469d89721c1",
        "type": "github"
      },
      "original": {
        "owner": "holochain",
        "ref": "holochain-0.5.4",
        "repo": "holochain",
        "type": "github"
      }
    },
    "holochain_3": {
      "flake": false,
      "locked": {
        "lastModified": 1762302687,
        "narHash": "sha256-kBOH6NvddA21mFtDAelnEghcQ1HWnBcAc+O49+H8E10=",
        "owner": "holochain",
        "repo": "holochain",
        "rev": "26917fa168b5b8f9176b9aa1d6804e6aded8384f",
        "type": "github"
      },
      "original": {
        "owner": "holochain",
        "ref": "holochain-0.6.0-dev.33",
        "repo": "holochain",
        "type": "github"
      }
    },
    "holonix": {
      "inputs": {
        "crane": "crane",
        "flake-parts": "flake-parts",
        "hc-launch": "hc-launch",
        "hc-scaffold": "hc-scaffold",
        "holochain": "holochain",
        "kitsune2": "kitsune2",
        "lair-keystore": "lair-keystore",
        "nixpkgs": "nixpkgs",
        "playground": "playground",
        "rust-overlay": "rust-overlay"
      },
      "locked": {
        "lastModified": 1762945879,
        "narHash": "sha256-4olNq7FBcYaCgYMOKt5aD8KczfKCro/cy/8eN02S4VM=",
        "owner": "holochain",
        "repo": "holonix",
        "rev": "1c121a0bc19cb6f30f0d077251f40ade83026b15",
        "type": "github"
      },
      "original": {
        "owner": "holochain",
        "ref": "main",
        "repo": "holonix",
        "type": "github"
      }
    },
    "holonix_2": {
      "inputs": {
        "crane": "crane_2",
        "flake-parts": "flake-parts_2",
        "hc-launch": "hc-launch_2",
        "hc-scaffold": "hc-scaffold_2",
        "holochain": "holochain_2",
        "kitsune2": "kitsune2_2",
        "lair-keystore": "lair-keystore_2",
        "nixpkgs": "nixpkgs_2",
        "playground": "playground_3",
        "rust-overlay": "rust-overlay_2"
      },
      "locked": {
        "lastModified": 1752096312,
        "narHash": "sha256-mP8nfNRBI+2swc3lCXzxLXyD6SAb7JHnAC17R0v6h+Q=",
        "owner": "holochain",
        "repo": "holonix",
        "rev": "5e00d7be074f3b4dcfd5340a14c7046ce000fccf",
        "type": "github"
      },
      "original": {
        "owner": "holochain",
        "ref": "main-0.5",
        "repo": "holonix",
        "type": "github"
      }
    },
    "holonix_3": {
      "inputs": {
        "crane": "crane_3",
        "flake-parts": "flake-parts_3",
        "hc-launch": "hc-launch_3",
        "hc-scaffold": "hc-scaffold_3",
        "holochain": "holochain_3",
        "kitsune2": "kitsune2_3",
        "lair-keystore": "lair-keystore_3",
        "nixpkgs": "nixpkgs_3",
        "playground": "playground_4",
        "rust-overlay": "rust-overlay_3"
      },
      "locked": {
        "lastModified": 1762367166,
        "narHash": "sha256-zvVlfOAynpwxjRN6dw+4jcWAvJ3N4wYSWUFBMisP4AU=",
        "owner": "holochain",
        "repo": "holonix",
        "rev": "8a46b1488cbe0319e688ca4fec4f27fd06de2a6c",
        "type": "github"
      },
      "original": {
        "owner": "holochain",
        "ref": "main",
        "repo": "holonix",
        "type": "github"
      }
    },
    "kitsune2": {
      "flake": false,
      "locked": {
        "lastModified": 1762780171,
        "narHash": "sha256-+rC+/IuHtTlfO2Q69PUNqjw+8sTKcAuySCtxJyKEmrY=",
        "owner": "holochain",
        "repo": "kitsune2",
        "rev": "c3152f131ffc00f727c4411a537e9be67d74ecd8",
        "type": "github"
      },
      "original": {
        "owner": "holochain",
        "ref": "v0.3.1",
        "repo": "kitsune2",
        "type": "github"
      }
    },
    "kitsune2_2": {
      "flake": false,
      "locked": {
        "lastModified": 1750424599,
        "narHash": "sha256-uY8f1hqUvS+8jd+2YKC0EPVG7HFEDXoWL0bOF7F1VQg=",
        "owner": "holochain",
        "repo": "kitsune2",
        "rev": "dfc57d4c3faeca1b12a5669776a93cd6b43e6d7c",
        "type": "github"
      },
      "original": {
        "owner": "holochain",
        "ref": "v0.1.9",
        "repo": "kitsune2",
        "type": "github"
      }
    },
    "kitsune2_3": {
      "flake": false,
      "locked": {
        "lastModified": 1751453889,
        "narHash": "sha256-U0iB9rhYWLoie9i/L3vASZyUHUQNukyPlvkIe79prTU=",
        "owner": "holochain",
        "repo": "kitsune2",
        "rev": "d260ba4b3c9be0481d754876c501d08e76a3a45b",
        "type": "github"
      },
      "original": {
        "owner": "holochain",
        "ref": "v0.2.11",
        "repo": "kitsune2",
        "type": "github"
      }
    },
    "lair-keystore": {
      "flake": false,
      "locked": {
        "lastModified": 1759147598,
        "narHash": "sha256-K8TkVlKAwS7uuSZC46oSHddtZTM2XGWUTNnjjYdC1bE=",
        "owner": "holochain",
        "repo": "lair",
        "rev": "8aa9ab1468e82a8bfb9bf1e65762efc51659d306",
        "type": "github"
      },
      "original": {
        "owner": "holochain",
        "ref": "v0.6.3",
        "repo": "lair",
        "type": "github"
      }
    },
    "lair-keystore_2": {
      "flake": false,
      "locked": {
        "lastModified": 1750349209,
        "narHash": "sha256-IUj2u8I2YSVZGrZ234mVCPENTg239LSG05TysoB3t+A=",
        "owner": "holochain",
        "repo": "lair",
        "rev": "978e3569e6a9cf674d2f1fc380cc82a87a43c78a",
        "type": "github"
      },
      "original": {
        "owner": "holochain",
        "ref": "v0.6.2",
        "repo": "lair",
        "type": "github"
      }
    },
    "lair-keystore_3": {
      "flake": false,
      "locked": {
        "lastModified": 1759147598,
        "narHash": "sha256-K8TkVlKAwS7uuSZC46oSHddtZTM2XGWUTNnjjYdC1bE=",
        "owner": "holochain",
        "repo": "lair",
        "rev": "8aa9ab1468e82a8bfb9bf1e65762efc51659d306",
        "type": "github"
      },
      "original": {
        "owner": "holochain",
        "ref": "v0.6.3",
        "repo": "lair",
        "type": "github"
      }
    },
    "nixpkgs": {
      "locked": {
        "lastModified": 1762756533,
        "narHash": "sha256-HiRDeUOD1VLklHeOmaKDzf+8Hb7vSWPVFcWwaTrpm+U=",
        "owner": "nixos",
        "repo": "nixpkgs",
        "rev": "c2448301fb856e351aab33e64c33a3fc8bcf637d",
        "type": "github"
      },
      "original": {
        "owner": "nixos",
        "ref": "nixos-25.05",
        "repo": "nixpkgs",
        "type": "github"
      }
    },
    "nixpkgs-lib": {
      "locked": {
        "lastModified": 1761765539,
        "narHash": "sha256-b0yj6kfvO8ApcSE+QmA6mUfu8IYG6/uU28OFn4PaC8M=",
        "owner": "nix-community",
        "repo": "nixpkgs.lib",
        "rev": "719359f4562934ae99f5443f20aa06c2ffff91fc",
        "type": "github"
      },
      "original": {
        "owner": "nix-community",
        "repo": "nixpkgs.lib",
        "type": "github"
      }
    },
    "nixpkgs-lib_2": {
      "locked": {
        "lastModified": 1748740939,
        "narHash": "sha256-rQaysilft1aVMwF14xIdGS3sj1yHlI6oKQNBRTF40cc=",
        "owner": "nix-community",
        "repo": "nixpkgs.lib",
        "rev": "656a64127e9d791a334452c6b6606d17539476e2",
        "type": "github"
      },
      "original": {
        "owner": "nix-community",
        "repo": "nixpkgs.lib",
        "type": "github"
      }
    },
    "nixpkgs-lib_3": {
      "locked": {
        "lastModified": 1754788789,
        "narHash": "sha256-x2rJ+Ovzq0sCMpgfgGaaqgBSwY+LST+WbZ6TytnT9Rk=",
        "owner": "nix-community",
        "repo": "nixpkgs.lib",
        "rev": "a73b9c743612e4244d865a2fdee11865283c04e6",
        "type": "github"
      },
      "original": {
        "owner": "nix-community",
        "repo": "nixpkgs.lib",
        "type": "github"
      }
    },
    "nixpkgs_2": {
      "locked": {
        "lastModified": 1751211869,
        "narHash": "sha256-1Cu92i1KSPbhPCKxoiVG5qnoRiKTgR5CcGSRyLpOd7Y=",
        "owner": "nixos",
        "repo": "nixpkgs",
        "rev": "b43c397f6c213918d6cfe6e3550abfe79b5d1c51",
        "type": "github"
      },
      "original": {
        "owner": "nixos",
        "ref": "nixos-25.05",
        "repo": "nixpkgs",
        "type": "github"
      }
    },
    "nixpkgs_3": {
      "locked": {
        "lastModified": 1760580664,
        "narHash": "sha256-/YdfibIrnqXAL8p5kqCU345mzpHoOtuVIkMiI2pF4Dc=",
        "owner": "nixos",
        "repo": "nixpkgs",
        "rev": "98ff3f9af2684f6136c24beef08f5e2033fc5389",
        "type": "github"
      },
      "original": {
        "owner": "nixos",
        "ref": "nixos-25.05",
        "repo": "nixpkgs",
        "type": "github"
      }
    },
    "playground": {
      "flake": false,
      "locked": {
        "lastModified": 1756729856,
        "narHash": "sha256-xJnIfcIyLRTXsf+N8OOMnqzRkx2gT/DSta7qCm8yU7Y=",
        "owner": "darksoil-studio",
        "repo": "holochain-playground",
        "rev": "5e858641de8ac6113cfa6b47ea1350762a629a61",
        "type": "github"
      },
      "original": {
        "owner": "darksoil-studio",
        "ref": "main",
        "repo": "holochain-playground",
        "type": "github"
      }
    },
    "playground_2": {
      "inputs": {
        "holonix": "holonix_2",
        "nixpkgs": [
          "playground",
          "holonix",
          "nixpkgs"
        ],
        "scaffolding": "scaffolding",
        "tauri-plugin-holochain": "tauri-plugin-holochain"
      },
      "locked": {
        "lastModified": 1756729856,
        "narHash": "sha256-xJnIfcIyLRTXsf+N8OOMnqzRkx2gT/DSta7qCm8yU7Y=",
        "owner": "darksoil-studio",
        "repo": "holochain-playground",
        "rev": "5e858641de8ac6113cfa6b47ea1350762a629a61",
        "type": "github"
      },
      "original": {
        "owner": "darksoil-studio",
        "ref": "main-0.5",
        "repo": "holochain-playground",
        "type": "github"
      }
    },
    "playground_3": {
      "flake": false,
      "locked": {
        "lastModified": 1748941883,
        "narHash": "sha256-YeLySFcUnDpbJPaNn5UF5LE3DlIYRlJLmknqqy7GHws=",
        "owner": "darksoil-studio",
        "repo": "holochain-playground",
        "rev": "9962a33ce1d00c9d0a32724644032852dd88a083",
        "type": "github"
      },
      "original": {
        "owner": "darksoil-studio",
        "ref": "main-0.5",
        "repo": "holochain-playground",
        "type": "github"
      }
    },
    "playground_4": {
      "flake": false,
      "locked": {
        "lastModified": 1756729856,
        "narHash": "sha256-xJnIfcIyLRTXsf+N8OOMnqzRkx2gT/DSta7qCm8yU7Y=",
        "owner": "darksoil-studio",
        "repo": "holochain-playground",
        "rev": "5e858641de8ac6113cfa6b47ea1350762a629a61",
        "type": "github"
      },
      "original": {
        "owner": "darksoil-studio",
        "ref": "main",
        "repo": "holochain-playground",
        "type": "github"
      }
    },
    "root": {
      "inputs": {
        "crane": [
          "holonix",
          "crane"
        ],
        "flake-parts": [
          "holonix",
          "flake-parts"
        ],
        "holonix": "holonix",
        "nixpkgs": [
          "holonix",
          "nixpkgs"
        ],
        "playground": "playground_2",
        "rust-overlay": [
          "holonix",
          "rust-overlay"
        ],
        "tauri-plugin-holochain": "tauri-plugin-holochain_2"
      }
    },
    "rust-overlay": {
      "inputs": {
        "nixpkgs": [
          "holonix",
          "nixpkgs"
        ]
      },
      "locked": {
        "lastModified": 1762828736,
        "narHash": "sha256-RxtFHWZpKwVcWHhx88E2NhWuBbgYVqIoIDynGs5FoJs=",
        "owner": "oxalica",
        "repo": "rust-overlay",
        "rev": "8d5baa5628f6dbd7ce6beca3c299bae27755204c",
        "type": "github"
      },
      "original": {
        "owner": "oxalica",
        "repo": "rust-overlay",
        "type": "github"
      }
    },
    "rust-overlay_2": {
      "inputs": {
        "nixpkgs": [
          "playground",
          "holonix",
          "nixpkgs"
        ]
      },
      "locked": {
        "lastModified": 1751251399,
        "narHash": "sha256-y+viCuy/eKKpkX1K2gDvXIJI/yzvy6zA3HObapz9XZ0=",
        "owner": "oxalica",
        "repo": "rust-overlay",
        "rev": "b22d5ee8c60ed1291521f2dde48784edd6bf695b",
        "type": "github"
      },
      "original": {
        "owner": "oxalica",
        "repo": "rust-overlay",
        "type": "github"
      }
    },
    "rust-overlay_3": {
      "inputs": {
        "nixpkgs": [
          "tauri-plugin-holochain",
          "holonix",
          "nixpkgs"
        ]
      },
      "locked": {
        "lastModified": 1760668505,
        "narHash": "sha256-Ed0cGwPZtLRiSvMx4KgPx8bhLYzn5jiJ7s5o5vj4oG0=",
        "owner": "oxalica",
        "repo": "rust-overlay",
        "rev": "18234d2c11b10eaec9ccc3a1089a5ea872ec8858",
        "type": "github"
      },
      "original": {
        "owner": "oxalica",
        "repo": "rust-overlay",
        "type": "github"
      }
    },
    "scaffolding": {
      "inputs": {
        "crane": [
          "playground",
          "scaffolding",
          "holonix",
          "crane"
        ],
        "holochain-nix-builders": "holochain-nix-builders",
        "holonix": [
          "playground",
          "holonix"
        ],
        "nixpkgs": [
          "playground",
          "scaffolding",
          "holonix",
          "nixpkgs"
        ],
        "rust-overlay": [
          "playground",
          "scaffolding",
          "holonix",
          "rust-overlay"
        ]
      },
      "locked": {
        "lastModified": 1752590104,
        "narHash": "sha256-XBmQWfjwmSFsFihxyK4Jn2gPaaLBB8Wb8I1aushN1rA=",
        "owner": "darksoil-studio",
        "repo": "scaffolding",
        "rev": "c81bb610c677c68c00f97b9a6d027fdca5c00578",
        "type": "github"
      },
      "original": {
        "owner": "darksoil-studio",
        "ref": "main-0.5",
        "repo": "scaffolding",
        "type": "github"
      }
    },
    "scaffolding_2": {
      "inputs": {
        "crane": [
          "tauri-plugin-holochain",
          "scaffolding",
          "holonix",
          "crane"
        ],
        "holochain-nix-builders": [
          "tauri-plugin-holochain",
          "holochain-nix-builders"
        ],
        "holonix": [
          "tauri-plugin-holochain",
          "holonix"
        ],
        "nixpkgs": [
          "tauri-plugin-holochain",
          "scaffolding",
          "holonix",
          "nixpkgs"
        ],
        "rust-overlay": [
          "tauri-plugin-holochain",
          "scaffolding",
          "holonix",
          "rust-overlay"
        ]
      },
      "locked": {
        "lastModified": 1760350631,
        "narHash": "sha256-9BPi0yqM52kay7eHsBrXgMfbuqOBNz6AhziUC4bsowU=",
        "owner": "darksoil-studio",
        "repo": "scaffolding",
        "rev": "825f3a7745e809a54f1f9a36550ab2dffb41d6e0",
        "type": "github"
      },
      "original": {
        "owner": "darksoil-studio",
        "ref": "main-0.6",
        "repo": "scaffolding",
        "type": "github"
      }
    },
    "tauri-plugin-holochain": {
      "inputs": {
        "crane": [
          "playground",
          "tauri-plugin-holochain",
          "holonix",
          "crane"
        ],
        "holochain-nix-builders": "holochain-nix-builders_2",
        "holonix": [
          "playground",
          "holonix"
        ],
        "nixpkgs": [
          "playground",
          "tauri-plugin-holochain",
          "holonix",
          "nixpkgs"
        ],
        "rust-overlay": [
          "playground",
          "tauri-plugin-holochain",
          "holonix",
          "rust-overlay"
        ],
        "scaffolding": [
          "playground",
          "scaffolding"
        ],
        "webkitnixpkgs": "webkitnixpkgs"
      },
      "locked": {
        "lastModified": 1752590182,
        "narHash": "sha256-EHHsPb5drAF/Pb/p61ckcyTJa8yeKJXdGeybjc5rddk=",
        "owner": "darksoil-studio",
        "repo": "tauri-plugin-holochain",
        "rev": "d4d80b5d0ff94cd4aceff20b27d45699fa3ce5b4",
        "type": "github"
      },
      "original": {
        "owner": "darksoil-studio",
        "ref": "main-0.5",
        "repo": "tauri-plugin-holochain",
        "type": "github"
      }
    },
    "tauri-plugin-holochain_2": {
      "inputs": {
        "crane": [
          "tauri-plugin-holochain",
          "holonix",
          "crane"
        ],
        "holochain-nix-builders": "holochain-nix-builders_3",
        "holonix": "holonix_3",
        "nixpkgs": [
          "tauri-plugin-holochain",
          "holonix",
          "nixpkgs"
        ],
        "rust-overlay": [
          "tauri-plugin-holochain",
          "holonix",
          "rust-overlay"
        ],
        "scaffolding": "scaffolding_2",
        "webkitnixpkgs": "webkitnixpkgs_2"
      },
      "locked": {
        "lastModified": 1763402863,
        "narHash": "sha256-87Pkp/GHi5PIjE4L9/JvET3AkLXWegbXJUa30c0yraQ=",
        "owner": "zo-el",
        "repo": "tauri-plugin-holochain",
        "rev": "d3bbc15eb59157b73e941210a2d46624bbbe76ab",
        "type": "github"
      },
      "original": {
        "owner": "zo-el",
        "ref": "main-0.6-go-pion-patch",
        "repo": "tauri-plugin-holochain",
        "type": "github"
      }
    },
    "webkitnixpkgs": {
      "locked": {
        "lastModified": 1711404521,
        "narHash": "sha256-cYhDZ3RYLiXAi4LQDGuQjjDDbtP00Wd/Vjal/jWyTuA=",
        "owner": "nixos",
        "repo": "nixpkgs",
        "rev": "07518c851b0f12351d7709274bbbd4ecc1f089c7",
        "type": "github"
      },
      "original": {
        "owner": "nixos",
        "repo": "nixpkgs",
        "rev": "07518c851b0f12351d7709274bbbd4ecc1f089c7",
        "type": "github"
      }
    },
    "webkitnixpkgs_2": {
      "locked": {
        "lastModified": 1709246466,
        "narHash": "sha256-jN8Y5Zv2tNUKIGuSqhm8yIMn2x6jhMQvNwKYduvKxjU=",
        "owner": "nixos",
        "repo": "nixpkgs",
        "rev": "ed4db9c6c75079ff3570a9e3eb6806c8f692dc26",
        "type": "github"
      },
      "original": {
        "owner": "nixos",
        "repo": "nixpkgs",
        "rev": "ed4db9c6c75079ff3570a9e3eb6806c8f692dc26",
        "type": "github"
      }
    }
  },
  "root": "root",
  "version": 7
}
