{
  "nodes": {
    "crane": {
      "locked": {
        "lastModified": 1763511871,
        "narHash": "sha256-KKZWi+ij7oT0Ag8yC6MQkzfHGcytyjMJDD+47ZV1YNU=",
        "owner": "ipetkov",
        "repo": "crane",
        "rev": "099f9014bc8d0cd6e445470ea1df0fd691d5a548",
        "type": "github"
      },
      "original": {
        "owner": "ipetkov",
        "repo": "crane",
        "type": "github"
      }
    },
    "crane_2": {
      "locked": {
        "lastModified": 1759893430,
        "narHash": "sha256-yAy4otLYm9iZ+NtQwTMEbqHwswSFUbhn7x826RR6djw=",
        "owner": "ipetkov",
        "repo": "crane",
        "rev": "1979a2524cb8c801520bd94c38bb3d5692419d93",
        "type": "github"
      },
      "original": {
        "owner": "ipetkov",
        "repo": "crane",
        "type": "github"
      }
    },
    "flake-parts": {
      "inputs": {
        "nixpkgs-lib": "nixpkgs-lib"
      },
      "locked": {
        "lastModified": 1762980239,
        "narHash": "sha256-8oNVE8TrD19ulHinjaqONf9QWCKK+w4url56cdStMpM=",
        "owner": "hercules-ci",
        "repo": "flake-parts",
        "rev": "52a2caecc898d0b46b2b905f058ccc5081f842da",
        "type": "github"
      },
      "original": {
        "owner": "hercules-ci",
        "repo": "flake-parts",
        "type": "github"
      }
    },
    "flake-parts_2": {
      "inputs": {
        "nixpkgs-lib": "nixpkgs-lib_2"
      },
      "locked": {
        "lastModified": 1759362264,
        "narHash": "sha256-wfG0S7pltlYyZTM+qqlhJ7GMw2fTF4mLKCIVhLii/4M=",
        "owner": "hercules-ci",
        "repo": "flake-parts",
        "rev": "758cf7296bee11f1706a574c77d072b8a7baa881",
        "type": "github"
      },
      "original": {
        "owner": "hercules-ci",
        "repo": "flake-parts",
        "type": "github"
      }
    },
    "hc-launch": {
      "flake": false,
      "locked": {
        "lastModified": 1752056054,
        "narHash": "sha256-iLHhGQXrSfgAibzLSx+mdOQnnTzq4mrRXto7+a+MDLM=",
        "owner": "holochain",
        "repo": "hc-launch",
        "rev": "612aa244ceb4d2136e5adbf181ff0cc123daff65",
        "type": "github"
      },
      "original": {
        "owner": "holochain",
        "ref": "holochain-weekly",
        "repo": "hc-launch",
        "type": "github"
      }
    },
    "hc-scaffold": {
      "flake": false,
      "locked": {
        "lastModified": 1764163563,
        "narHash": "sha256-KigJ3h25yNJfeQunPm5QYFPtLSk6nU3IEEvZY8w01Vo=",
        "owner": "holochain",
        "repo": "scaffolding",
        "rev": "87e997a7361d4aa7c1bb96261483ebba50223bd0",
        "type": "github"
      },
      "original": {
        "owner": "holochain",
        "ref": "v0.600.1",
        "repo": "scaffolding",
        "type": "github"
      }
    },
    "hc-scaffold_2": {
      "flake": false,
      "locked": {
        "lastModified": 1760566803,
        "narHash": "sha256-fWflEEb2JQyVHfGglbx6dCR6X+4ECGM9pbxQYrKSZtQ=",
        "owner": "holochain",
        "repo": "scaffolding",
        "rev": "751a16e98ddb35db5763cbf4b882a849b642e7e7",
        "type": "github"
      },
      "original": {
        "owner": "holochain",
        "ref": "0.600.0-dev.0",
        "repo": "scaffolding",
        "type": "github"
      }
    },
    "holochain": {
      "flake": false,
      "locked": {
        "lastModified": 1764549384,
        "narHash": "sha256-OaVXXiTL9VTOX68+h52Ne1nyMBKYGGAvCv3EiFLZ/Bc=",
        "owner": "holochain",
        "repo": "holochain",
        "rev": "36da4bf0975b5b266dee79022abe8c55f2b1cb04",
        "type": "github"
      },
      "original": {
        "owner": "holochain",
        "ref": "holochain-0.7.0-dev.1",
        "repo": "holochain",
        "type": "github"
      }
    },
    "holochain-nix-builders": {
      "inputs": {
        "crane": [
          "tauri-plugin-holochain",
          "holochain-nix-builders",
          "holonix",
          "crane"
        ],
        "holonix": [
          "tauri-plugin-holochain",
          "holonix"
        ],
        "nixpkgs": [
          "tauri-plugin-holochain",
          "holochain-nix-builders",
          "holonix",
          "nixpkgs"
        ],
        "rust-overlay": [
          "tauri-plugin-holochain",
          "holochain-nix-builders",
          "holonix",
          "rust-overlay"
        ]
      },
      "locked": {
        "lastModified": 1760350316,
        "narHash": "sha256-A9pzCPMXbm8a/Qfr1zOUUH85ST2DH3L3Ew+y77XbOqE=",
        "owner": "darksoil-studio",
        "repo": "holochain-nix-builders",
        "rev": "f2896026c5d22020f818af0a4c10dc387166ac7f",
        "type": "github"
      },
      "original": {
        "owner": "darksoil-studio",
        "ref": "main-0.6",
        "repo": "holochain-nix-builders",
        "type": "github"
      }
    },
    "holochain_2": {
      "flake": false,
      "locked": {
        "lastModified": 1762302687,
        "narHash": "sha256-kBOH6NvddA21mFtDAelnEghcQ1HWnBcAc+O49+H8E10=",
        "owner": "holochain",
        "repo": "holochain",
        "rev": "26917fa168b5b8f9176b9aa1d6804e6aded8384f",
        "type": "github"
      },
      "original": {
        "owner": "holochain",
        "ref": "holochain-0.6.0-dev.33",
        "repo": "holochain",
        "type": "github"
      }
    },
    "holonix": {
      "inputs": {
        "crane": "crane",
        "flake-parts": "flake-parts",
        "hc-scaffold": "hc-scaffold",
        "holochain": "holochain",
        "kitsune2": "kitsune2",
        "lair-keystore": "lair-keystore",
        "nixpkgs": "nixpkgs",
        "playground": "playground",
        "rust-overlay": "rust-overlay"
      },
      "locked": {
        "lastModified": 1764653509,
        "narHash": "sha256-DuGio3hX5SlT+eJa/43/pOlnsCrWTx4+KtnD77pLyJg=",
        "owner": "holochain",
        "repo": "holonix",
        "rev": "83ef6637289dd387e8694d6918da0a8e797e46ee",
        "type": "github"
      },
      "original": {
        "owner": "holochain",
        "ref": "main",
        "repo": "holonix",
        "type": "github"
      }
    },
    "holonix_2": {
      "inputs": {
        "crane": "crane_2",
        "flake-parts": "flake-parts_2",
        "hc-launch": "hc-launch",
        "hc-scaffold": "hc-scaffold_2",
        "holochain": "holochain_2",
        "kitsune2": "kitsune2_2",
        "lair-keystore": "lair-keystore_2",
        "nixpkgs": "nixpkgs_2",
        "playground": "playground_2",
        "rust-overlay": "rust-overlay_2"
      },
      "locked": {
        "lastModified": 1762367166,
        "narHash": "sha256-zvVlfOAynpwxjRN6dw+4jcWAvJ3N4wYSWUFBMisP4AU=",
        "owner": "holochain",
        "repo": "holonix",
        "rev": "8a46b1488cbe0319e688ca4fec4f27fd06de2a6c",
        "type": "github"
      },
      "original": {
        "owner": "holochain",
        "ref": "main",
        "repo": "holonix",
        "type": "github"
      }
    },
    "kitsune2": {
      "flake": false,
      "locked": {
        "lastModified": 1763403287,
        "narHash": "sha256-dqQJMoDbcD0ekttrv5+8ph5Yf25EdXwKktsxNjV57Iw=",
        "owner": "holochain",
        "repo": "kitsune2",
        "rev": "22de6e42100aa960d05f5f30427a236ad922bd80",
        "type": "github"
      },
      "original": {
        "owner": "holochain",
        "ref": "v0.3.2",
        "repo": "kitsune2",
        "type": "github"
      }
    },
    "kitsune2_2": {
      "flake": false,
      "locked": {
        "lastModified": 1751453889,
        "narHash": "sha256-U0iB9rhYWLoie9i/L3vASZyUHUQNukyPlvkIe79prTU=",
        "owner": "holochain",
        "repo": "kitsune2",
        "rev": "d260ba4b3c9be0481d754876c501d08e76a3a45b",
        "type": "github"
      },
      "original": {
        "owner": "holochain",
        "ref": "v0.2.11",
        "repo": "kitsune2",
        "type": "github"
      }
    },
    "lair-keystore": {
      "flake": false,
      "locked": {
        "lastModified": 1759147598,
        "narHash": "sha256-K8TkVlKAwS7uuSZC46oSHddtZTM2XGWUTNnjjYdC1bE=",
        "owner": "holochain",
        "repo": "lair",
        "rev": "8aa9ab1468e82a8bfb9bf1e65762efc51659d306",
        "type": "github"
      },
      "original": {
        "owner": "holochain",
        "ref": "v0.6.3",
        "repo": "lair",
        "type": "github"
      }
    },
    "lair-keystore_2": {
      "flake": false,
      "locked": {
        "lastModified": 1759147598,
        "narHash": "sha256-K8TkVlKAwS7uuSZC46oSHddtZTM2XGWUTNnjjYdC1bE=",
        "owner": "holochain",
        "repo": "lair",
        "rev": "8aa9ab1468e82a8bfb9bf1e65762efc51659d306",
        "type": "github"
      },
      "original": {
        "owner": "holochain",
        "ref": "v0.6.3",
        "repo": "lair",
        "type": "github"
      }
    },
    "nixpkgs": {
      "locked": {
        "lastModified": 1763622513,
        "narHash": "sha256-1jQnuyu82FpiSxowrF/iFK6Toh9BYprfDqfs4BB+19M=",
        "owner": "nixos",
        "repo": "nixpkgs",
        "rev": "c58bc7f5459328e4afac201c5c4feb7c818d604b",
        "type": "github"
      },
      "original": {
        "owner": "nixos",
        "ref": "nixos-25.05",
        "repo": "nixpkgs",
        "type": "github"
      }
    },
    "nixpkgs-lib": {
      "locked": {
        "lastModified": 1761765539,
        "narHash": "sha256-b0yj6kfvO8ApcSE+QmA6mUfu8IYG6/uU28OFn4PaC8M=",
        "owner": "nix-community",
        "repo": "nixpkgs.lib",
        "rev": "719359f4562934ae99f5443f20aa06c2ffff91fc",
        "type": "github"
      },
      "original": {
        "owner": "nix-community",
        "repo": "nixpkgs.lib",
        "type": "github"
      }
    },
    "nixpkgs-lib_2": {
      "locked": {
        "lastModified": 1754788789,
        "narHash": "sha256-x2rJ+Ovzq0sCMpgfgGaaqgBSwY+LST+WbZ6TytnT9Rk=",
        "owner": "nix-community",
        "repo": "nixpkgs.lib",
        "rev": "a73b9c743612e4244d865a2fdee11865283c04e6",
        "type": "github"
      },
      "original": {
        "owner": "nix-community",
        "repo": "nixpkgs.lib",
        "type": "github"
      }
    },
    "nixpkgs_2": {
      "locked": {
        "lastModified": 1760580664,
        "narHash": "sha256-/YdfibIrnqXAL8p5kqCU345mzpHoOtuVIkMiI2pF4Dc=",
        "owner": "nixos",
        "repo": "nixpkgs",
        "rev": "98ff3f9af2684f6136c24beef08f5e2033fc5389",
        "type": "github"
      },
      "original": {
        "owner": "nixos",
        "ref": "nixos-25.05",
        "repo": "nixpkgs",
        "type": "github"
      }
    },
    "playground": {
      "flake": false,
      "locked": {
        "lastModified": 1756729856,
        "narHash": "sha256-xJnIfcIyLRTXsf+N8OOMnqzRkx2gT/DSta7qCm8yU7Y=",
        "owner": "darksoil-studio",
        "repo": "holochain-playground",
        "rev": "5e858641de8ac6113cfa6b47ea1350762a629a61",
        "type": "github"
      },
      "original": {
        "owner": "darksoil-studio",
        "ref": "main",
        "repo": "holochain-playground",
        "type": "github"
      }
    },
    "playground_2": {
      "flake": false,
      "locked": {
        "lastModified": 1756729856,
        "narHash": "sha256-xJnIfcIyLRTXsf+N8OOMnqzRkx2gT/DSta7qCm8yU7Y=",
        "owner": "darksoil-studio",
        "repo": "holochain-playground",
        "rev": "5e858641de8ac6113cfa6b47ea1350762a629a61",
        "type": "github"
      },
      "original": {
        "owner": "darksoil-studio",
        "ref": "main",
        "repo": "holochain-playground",
        "type": "github"
      }
    },
    "root": {
      "inputs": {
        "crane": [
          "holonix",
          "crane"
        ],
        "flake-parts": [
          "holonix",
          "flake-parts"
        ],
        "holonix": "holonix",
        "nixpkgs": [
          "holonix",
          "nixpkgs"
        ],
        "rust-overlay": [
          "holonix",
          "rust-overlay"
        ],
        "tauri-plugin-holochain": "tauri-plugin-holochain"
      }
    },
    "rust-overlay": {
      "inputs": {
        "nixpkgs": [
          "holonix",
          "nixpkgs"
        ]
      },
      "locked": {
        "lastModified": 1763692705,
        "narHash": "sha256-tCKCyMYU0Vy+ph/xswlNsYXXjnFVweWBV+ew/5FS9tA=",
        "owner": "oxalica",
        "repo": "rust-overlay",
        "rev": "6fbf5d328dce1828d887b8ee7d44a785196a34e7",
        "type": "github"
      },
      "original": {
        "owner": "oxalica",
        "repo": "rust-overlay",
        "type": "github"
      }
    },
    "rust-overlay_2": {
      "inputs": {
        "nixpkgs": [
          "tauri-plugin-holochain",
          "holonix",
          "nixpkgs"
        ]
      },
      "locked": {
        "lastModified": 1760668505,
        "narHash": "sha256-Ed0cGwPZtLRiSvMx4KgPx8bhLYzn5jiJ7s5o5vj4oG0=",
        "owner": "oxalica",
        "repo": "rust-overlay",
        "rev": "18234d2c11b10eaec9ccc3a1089a5ea872ec8858",
        "type": "github"
      },
      "original": {
        "owner": "oxalica",
        "repo": "rust-overlay",
        "type": "github"
      }
    },
    "scaffolding": {
      "inputs": {
        "crane": [
          "tauri-plugin-holochain",
          "scaffolding",
          "holonix",
          "crane"
        ],
        "holochain-nix-builders": [
          "tauri-plugin-holochain",
          "holochain-nix-builders"
        ],
        "holonix": [
          "tauri-plugin-holochain",
          "holonix"
        ],
        "nixpkgs": [
          "tauri-plugin-holochain",
          "scaffolding",
          "holonix",
          "nixpkgs"
        ],
        "rust-overlay": [
          "tauri-plugin-holochain",
          "scaffolding",
          "holonix",
          "rust-overlay"
        ]
      },
      "locked": {
        "lastModified": 1760350631,
        "narHash": "sha256-9BPi0yqM52kay7eHsBrXgMfbuqOBNz6AhziUC4bsowU=",
        "owner": "darksoil-studio",
        "repo": "scaffolding",
        "rev": "825f3a7745e809a54f1f9a36550ab2dffb41d6e0",
        "type": "github"
      },
      "original": {
        "owner": "darksoil-studio",
        "ref": "main-0.6",
        "repo": "scaffolding",
        "type": "github"
      }
    },
    "tauri-plugin-holochain": {
      "inputs": {
        "crane": [
          "tauri-plugin-holochain",
          "holonix",
          "crane"
        ],
        "holochain-nix-builders": "holochain-nix-builders",
        "holonix": "holonix_2",
        "nixpkgs": [
          "tauri-plugin-holochain",
          "holonix",
          "nixpkgs"
        ],
        "rust-overlay": [
          "tauri-plugin-holochain",
          "holonix",
          "rust-overlay"
        ],
        "scaffolding": "scaffolding",
        "webkitnixpkgs": "webkitnixpkgs"
      },
      "locked": {
        "lastModified": 1763410637,
        "narHash": "sha256-aST2rbLGfg1T3lqvWTkFweRPxDCM4CNAe4En7bATJHg=",
        "owner": "zo-el",
        "repo": "tauri-plugin-holochain",
        "rev": "cd6a999d861ab728f93fc761c0dc1c5d6bd63db7",
        "type": "github"
      },
      "original": {
        "owner": "zo-el",
        "ref": "main-0.6-go-pion-patch",
        "repo": "tauri-plugin-holochain",
        "type": "github"
      }
    },
    "webkitnixpkgs": {
      "locked": {
        "lastModified": 1709246466,
        "narHash": "sha256-jN8Y5Zv2tNUKIGuSqhm8yIMn2x6jhMQvNwKYduvKxjU=",
        "owner": "nixos",
        "repo": "nixpkgs",
        "rev": "ed4db9c6c75079ff3570a9e3eb6806c8f692dc26",
        "type": "github"
      },
      "original": {
        "owner": "nixos",
        "repo": "nixpkgs",
        "rev": "ed4db9c6c75079ff3570a9e3eb6806c8f692dc26",
        "type": "github"
      }
    }
  },
  "root": "root",
  "version": 7
}
